{
  "name": "nextjs-cv",
  "version": "1.0.0",
  "lockfileVersion": 2,
  "requires": true,
  "packages": {
    "": {
      "name": "nextjs-cv",
      "version": "1.0.0",
      "dependencies": {
        "next": "latest",
        "react": "latest",
        "react-dom": "latest"
      }
    },
    "node_modules/next": {
      "version": "11.1.2"
    },
    "node_modules/react": {
      "version": "17.0.2"
    },
    "node_modules/react-dom": {
      "version": "17.0.2"
    }
  }
}
